// !$*UTF8*$!
{
	archiveVersion = 1;
	classes = {
	};
	objectVersion = 55;
	objects = {

/* Begin PBXBuildFile section */
		AA6F92DD28ABE5F5009011B8 /* Login.swift in Sources */ = {isa = PBXBuildFile; fileRef = AA6F92DC28ABE5F5009011B8 /* Login.swift */; };
		AAF99A2428ABB75500A59681 /* FavoritesView.swift in Sources */ = {isa = PBXBuildFile; fileRef = F88BE3E728AA8B45002D3D81 /* FavoritesView.swift */; };
		F833DD2D28AC61770020AF4E /* RegisterScreen.swift in Sources */ = {isa = PBXBuildFile; fileRef = F833DD2C28AC61770020AF4E /* RegisterScreen.swift */; };
		F88BE3B228A525D3002D3D81 /* The_Social_Network_ChallengeApp.swift in Sources */ = {isa = PBXBuildFile; fileRef = F88BE3B128A525D3002D3D81 /* The_Social_Network_ChallengeApp.swift */; };
		F88BE3B428A525D3002D3D81 /* HomeScreenView.swift in Sources */ = {isa = PBXBuildFile; fileRef = F88BE3B328A525D3002D3D81 /* HomeScreenView.swift */; };
		F88BE3B628A525D4002D3D81 /* Assets.xcassets in Resources */ = {isa = PBXBuildFile; fileRef = F88BE3B528A525D4002D3D81 /* Assets.xcassets */; };
		F88BE3B928A525D4002D3D81 /* Preview Assets.xcassets in Resources */ = {isa = PBXBuildFile; fileRef = F88BE3B828A525D4002D3D81 /* Preview Assets.xcassets */; };
		F88BE3C328A525D4002D3D81 /* The_Social_Network_ChallengeTests.swift in Sources */ = {isa = PBXBuildFile; fileRef = F88BE3C228A525D4002D3D81 /* The_Social_Network_ChallengeTests.swift */; };
		F88BE3CD28A525D4002D3D81 /* The_Social_Network_ChallengeUITests.swift in Sources */ = {isa = PBXBuildFile; fileRef = F88BE3CC28A525D4002D3D81 /* The_Social_Network_ChallengeUITests.swift */; };
		F88BE3CF28A525D4002D3D81 /* The_Social_Network_ChallengeUITestsLaunchTests.swift in Sources */ = {isa = PBXBuildFile; fileRef = F88BE3CE28A525D4002D3D81 /* The_Social_Network_ChallengeUITestsLaunchTests.swift */; };
		F88BE3DC28A52823002D3D81 /* API.swift in Sources */ = {isa = PBXBuildFile; fileRef = F88BE3DB28A52823002D3D81 /* API.swift */; };
		F88BE3DE28A537B7002D3D81 /* APIStructs.swift in Sources */ = {isa = PBXBuildFile; fileRef = F88BE3DD28A537B7002D3D81 /* APIStructs.swift */; };
		F88BE3E428A53E56002D3D81 /* Model.swift in Sources */ = {isa = PBXBuildFile; fileRef = F88BE3E328A53E56002D3D81 /* Model.swift */; };
		F88BE3E628AA8789002D3D81 /* ContentView.swift in Sources */ = {isa = PBXBuildFile; fileRef = F88BE3E528AA8789002D3D81 /* ContentView.swift */; };
		F88BE3EA28AA8C3A002D3D81 /* UsersView.swift in Sources */ = {isa = PBXBuildFile; fileRef = F88BE3E928AA8C3A002D3D81 /* UsersView.swift */; };
/* End PBXBuildFile section */

/* Begin PBXContainerItemProxy section */
		F88BE3BF28A525D4002D3D81 /* PBXContainerItemProxy */ = {
			isa = PBXContainerItemProxy;
			containerPortal = F88BE3A628A525D3002D3D81 /* Project object */;
			proxyType = 1;
			remoteGlobalIDString = F88BE3AD28A525D3002D3D81;
			remoteInfo = "The Social Network Challenge";
		};
		F88BE3C928A525D4002D3D81 /* PBXContainerItemProxy */ = {
			isa = PBXContainerItemProxy;
			containerPortal = F88BE3A628A525D3002D3D81 /* Project object */;
			proxyType = 1;
			remoteGlobalIDString = F88BE3AD28A525D3002D3D81;
			remoteInfo = "The Social Network Challenge";
		};
/* End PBXContainerItemProxy section */

/* Begin PBXFileReference section */
		AA6F92DC28ABE5F5009011B8 /* Login.swift */ = {isa = PBXFileReference; lastKnownFileType = sourcecode.swift; path = Login.swift; sourceTree = "<group>"; };
		F833DD2C28AC61770020AF4E /* RegisterScreen.swift */ = {isa = PBXFileReference; lastKnownFileType = sourcecode.swift; path = RegisterScreen.swift; sourceTree = "<group>"; };
		F88BE3AE28A525D3002D3D81 /* The Social Network Challenge.app */ = {isa = PBXFileReference; explicitFileType = wrapper.application; includeInIndex = 0; path = "The Social Network Challenge.app"; sourceTree = BUILT_PRODUCTS_DIR; };
		F88BE3B128A525D3002D3D81 /* The_Social_Network_ChallengeApp.swift */ = {isa = PBXFileReference; lastKnownFileType = sourcecode.swift; path = The_Social_Network_ChallengeApp.swift; sourceTree = "<group>"; };
		F88BE3B328A525D3002D3D81 /* HomeScreenView.swift */ = {isa = PBXFileReference; lastKnownFileType = sourcecode.swift; path = HomeScreenView.swift; sourceTree = "<group>"; };
		F88BE3B528A525D4002D3D81 /* Assets.xcassets */ = {isa = PBXFileReference; lastKnownFileType = folder.assetcatalog; path = Assets.xcassets; sourceTree = "<group>"; };
		F88BE3B828A525D4002D3D81 /* Preview Assets.xcassets */ = {isa = PBXFileReference; lastKnownFileType = folder.assetcatalog; path = "Preview Assets.xcassets"; sourceTree = "<group>"; };
		F88BE3BE28A525D4002D3D81 /* The Social Network ChallengeTests.xctest */ = {isa = PBXFileReference; explicitFileType = wrapper.cfbundle; includeInIndex = 0; path = "The Social Network ChallengeTests.xctest"; sourceTree = BUILT_PRODUCTS_DIR; };
		F88BE3C228A525D4002D3D81 /* The_Social_Network_ChallengeTests.swift */ = {isa = PBXFileReference; lastKnownFileType = sourcecode.swift; path = The_Social_Network_ChallengeTests.swift; sourceTree = "<group>"; };
		F88BE3C828A525D4002D3D81 /* The Social Network ChallengeUITests.xctest */ = {isa = PBXFileReference; explicitFileType = wrapper.cfbundle; includeInIndex = 0; path = "The Social Network ChallengeUITests.xctest"; sourceTree = BUILT_PRODUCTS_DIR; };
		F88BE3CC28A525D4002D3D81 /* The_Social_Network_ChallengeUITests.swift */ = {isa = PBXFileReference; lastKnownFileType = sourcecode.swift; path = The_Social_Network_ChallengeUITests.swift; sourceTree = "<group>"; };
		F88BE3CE28A525D4002D3D81 /* The_Social_Network_ChallengeUITestsLaunchTests.swift */ = {isa = PBXFileReference; lastKnownFileType = sourcecode.swift; path = The_Social_Network_ChallengeUITestsLaunchTests.swift; sourceTree = "<group>"; };
		F88BE3DB28A52823002D3D81 /* API.swift */ = {isa = PBXFileReference; lastKnownFileType = sourcecode.swift; path = API.swift; sourceTree = "<group>"; };
		F88BE3DD28A537B7002D3D81 /* APIStructs.swift */ = {isa = PBXFileReference; lastKnownFileType = sourcecode.swift; path = APIStructs.swift; sourceTree = "<group>"; };
		F88BE3E328A53E56002D3D81 /* Model.swift */ = {isa = PBXFileReference; lastKnownFileType = sourcecode.swift; path = Model.swift; sourceTree = "<group>"; };
		F88BE3E528AA8789002D3D81 /* ContentView.swift */ = {isa = PBXFileReference; lastKnownFileType = sourcecode.swift; path = ContentView.swift; sourceTree = "<group>"; };
		F88BE3E728AA8B45002D3D81 /* FavoritesView.swift */ = {isa = PBXFileReference; lastKnownFileType = sourcecode.swift; path = FavoritesView.swift; sourceTree = "<group>"; };
		F88BE3E928AA8C3A002D3D81 /* UsersView.swift */ = {isa = PBXFileReference; lastKnownFileType = sourcecode.swift; path = UsersView.swift; sourceTree = "<group>"; };
/* End PBXFileReference section */

/* Begin PBXFrameworksBuildPhase section */
		F88BE3AB28A525D3002D3D81 /* Frameworks */ = {
			isa = PBXFrameworksBuildPhase;
			buildActionMask = 2147483647;
			files = (
			);
			runOnlyForDeploymentPostprocessing = 0;
		};
		F88BE3BB28A525D4002D3D81 /* Frameworks */ = {
			isa = PBXFrameworksBuildPhase;
			buildActionMask = 2147483647;
			files = (
			);
			runOnlyForDeploymentPostprocessing = 0;
		};
		F88BE3C528A525D4002D3D81 /* Frameworks */ = {
			isa = PBXFrameworksBuildPhase;
			buildActionMask = 2147483647;
			files = (
			);
			runOnlyForDeploymentPostprocessing = 0;
		};
/* End PBXFrameworksBuildPhase section */

/* Begin PBXGroup section */
		F88BE3A528A525D3002D3D81 = {
			isa = PBXGroup;
			children = (
				F88BE3B028A525D3002D3D81 /* The Social Network Challenge */,
				F88BE3C128A525D4002D3D81 /* The Social Network ChallengeTests */,
				F88BE3CB28A525D4002D3D81 /* The Social Network ChallengeUITests */,
				F88BE3AF28A525D3002D3D81 /* Products */,
			);
			sourceTree = "<group>";
		};
		F88BE3AF28A525D3002D3D81 /* Products */ = {
			isa = PBXGroup;
			children = (
				F88BE3AE28A525D3002D3D81 /* The Social Network Challenge.app */,
				F88BE3BE28A525D4002D3D81 /* The Social Network ChallengeTests.xctest */,
				F88BE3C828A525D4002D3D81 /* The Social Network ChallengeUITests.xctest */,
			);
			name = Products;
			sourceTree = "<group>";
		};
		F88BE3B028A525D3002D3D81 /* The Social Network Challenge */ = {
			isa = PBXGroup;
			children = (
				F88BE3E128A53D9C002D3D81 /* View */,
				F88BE3E028A53D92002D3D81 /* ViewModel */,
				F88BE3DF28A53D8D002D3D81 /* Model */,
				F88BE3B528A525D4002D3D81 /* Assets.xcassets */,
				F88BE3B728A525D4002D3D81 /* Preview Content */,
			);
			path = "The Social Network Challenge";
			sourceTree = "<group>";
		};
		F88BE3B728A525D4002D3D81 /* Preview Content */ = {
			isa = PBXGroup;
			children = (
				F88BE3B828A525D4002D3D81 /* Preview Assets.xcassets */,
			);
			path = "Preview Content";
			sourceTree = "<group>";
		};
		F88BE3C128A525D4002D3D81 /* The Social Network ChallengeTests */ = {
			isa = PBXGroup;
			children = (
				F88BE3C228A525D4002D3D81 /* The_Social_Network_ChallengeTests.swift */,
			);
			path = "The Social Network ChallengeTests";
			sourceTree = "<group>";
		};
		F88BE3CB28A525D4002D3D81 /* The Social Network ChallengeUITests */ = {
			isa = PBXGroup;
			children = (
				F88BE3CC28A525D4002D3D81 /* The_Social_Network_ChallengeUITests.swift */,
				F88BE3CE28A525D4002D3D81 /* The_Social_Network_ChallengeUITestsLaunchTests.swift */,
			);
			path = "The Social Network ChallengeUITests";
			sourceTree = "<group>";
		};
		F88BE3DF28A53D8D002D3D81 /* Model */ = {
			isa = PBXGroup;
			children = (
				F88BE3DD28A537B7002D3D81 /* APIStructs.swift */,
				F88BE3E328A53E56002D3D81 /* Model.swift */,
			);
			path = Model;
			sourceTree = "<group>";
		};
		F88BE3E028A53D92002D3D81 /* ViewModel */ = {
			isa = PBXGroup;
			children = (
				F88BE3DB28A52823002D3D81 /* API.swift */,
			);
			path = ViewModel;
			sourceTree = "<group>";
		};
		F88BE3E128A53D9C002D3D81 /* View */ = {
			isa = PBXGroup;
			children = (
				F88BE3B128A525D3002D3D81 /* The_Social_Network_ChallengeApp.swift */,
				F88BE3B328A525D3002D3D81 /* HomeScreenView.swift */,
				F88BE3E528AA8789002D3D81 /* ContentView.swift */,
				F88BE3E728AA8B45002D3D81 /* FavoritesView.swift */,
				F88BE3E928AA8C3A002D3D81 /* UsersView.swift */,
				AA6F92DC28ABE5F5009011B8 /* Login.swift */,
				F833DD2C28AC61770020AF4E /* RegisterScreen.swift */,
			);
			path = View;
			sourceTree = "<group>";
		};
/* End PBXGroup section */

/* Begin PBXNativeTarget section */
		F88BE3AD28A525D3002D3D81 /* The Social Network Challenge */ = {
			isa = PBXNativeTarget;
			buildConfigurationList = F88BE3D228A525D4002D3D81 /* Build configuration list for PBXNativeTarget "The Social Network Challenge" */;
			buildPhases = (
				F88BE3AA28A525D3002D3D81 /* Sources */,
				F88BE3AB28A525D3002D3D81 /* Frameworks */,
				F88BE3AC28A525D3002D3D81 /* Resources */,
			);
			buildRules = (
			);
			dependencies = (
			);
			name = "The Social Network Challenge";
			productName = "The Social Network Challenge";
			productReference = F88BE3AE28A525D3002D3D81 /* The Social Network Challenge.app */;
			productType = "com.apple.product-type.application";
		};
		F88BE3BD28A525D4002D3D81 /* The Social Network ChallengeTests */ = {
			isa = PBXNativeTarget;
			buildConfigurationList = F88BE3D528A525D4002D3D81 /* Build configuration list for PBXNativeTarget "The Social Network ChallengeTests" */;
			buildPhases = (
				F88BE3BA28A525D4002D3D81 /* Sources */,
				F88BE3BB28A525D4002D3D81 /* Frameworks */,
				F88BE3BC28A525D4002D3D81 /* Resources */,
			);
			buildRules = (
			);
			dependencies = (
				F88BE3C028A525D4002D3D81 /* PBXTargetDependency */,
			);
			name = "The Social Network ChallengeTests";
			productName = "The Social Network ChallengeTests";
			productReference = F88BE3BE28A525D4002D3D81 /* The Social Network ChallengeTests.xctest */;
			productType = "com.apple.product-type.bundle.unit-test";
		};
		F88BE3C728A525D4002D3D81 /* The Social Network ChallengeUITests */ = {
			isa = PBXNativeTarget;
			buildConfigurationList = F88BE3D828A525D4002D3D81 /* Build configuration list for PBXNativeTarget "The Social Network ChallengeUITests" */;
			buildPhases = (
				F88BE3C428A525D4002D3D81 /* Sources */,
				F88BE3C528A525D4002D3D81 /* Frameworks */,
				F88BE3C628A525D4002D3D81 /* Resources */,
			);
			buildRules = (
			);
			dependencies = (
				F88BE3CA28A525D4002D3D81 /* PBXTargetDependency */,
			);
			name = "The Social Network ChallengeUITests";
			productName = "The Social Network ChallengeUITests";
			productReference = F88BE3C828A525D4002D3D81 /* The Social Network ChallengeUITests.xctest */;
			productType = "com.apple.product-type.bundle.ui-testing";
		};
/* End PBXNativeTarget section */

/* Begin PBXProject section */
		F88BE3A628A525D3002D3D81 /* Project object */ = {
			isa = PBXProject;
			attributes = {
				BuildIndependentTargetsInParallel = 1;
				LastSwiftUpdateCheck = 1340;
				LastUpgradeCheck = 1340;
				TargetAttributes = {
					F88BE3AD28A525D3002D3D81 = {
						CreatedOnToolsVersion = 13.4.1;
					};
					F88BE3BD28A525D4002D3D81 = {
						CreatedOnToolsVersion = 13.4.1;
						TestTargetID = F88BE3AD28A525D3002D3D81;
					};
					F88BE3C728A525D4002D3D81 = {
						CreatedOnToolsVersion = 13.4.1;
						TestTargetID = F88BE3AD28A525D3002D3D81;
					};
				};
			};
			buildConfigurationList = F88BE3A928A525D3002D3D81 /* Build configuration list for PBXProject "The Social Network Challenge" */;
			compatibilityVersion = "Xcode 13.0";
			developmentRegion = en;
			hasScannedForEncodings = 0;
			knownRegions = (
				en,
				Base,
			);
			mainGroup = F88BE3A528A525D3002D3D81;
			productRefGroup = F88BE3AF28A525D3002D3D81 /* Products */;
			projectDirPath = "";
			projectRoot = "";
			targets = (
				F88BE3AD28A525D3002D3D81 /* The Social Network Challenge */,
				F88BE3BD28A525D4002D3D81 /* The Social Network ChallengeTests */,
				F88BE3C728A525D4002D3D81 /* The Social Network ChallengeUITests */,
			);
		};
/* End PBXProject section */

/* Begin PBXResourcesBuildPhase section */
		F88BE3AC28A525D3002D3D81 /* Resources */ = {
			isa = PBXResourcesBuildPhase;
			buildActionMask = 2147483647;
			files = (
				F88BE3B928A525D4002D3D81 /* Preview Assets.xcassets in Resources */,
				F88BE3B628A525D4002D3D81 /* Assets.xcassets in Resources */,
			);
			runOnlyForDeploymentPostprocessing = 0;
		};
		F88BE3BC28A525D4002D3D81 /* Resources */ = {
			isa = PBXResourcesBuildPhase;
			buildActionMask = 2147483647;
			files = (
			);
			runOnlyForDeploymentPostprocessing = 0;
		};
		F88BE3C628A525D4002D3D81 /* Resources */ = {
			isa = PBXResourcesBuildPhase;
			buildActionMask = 2147483647;
			files = (
			);
			runOnlyForDeploymentPostprocessing = 0;
		};
/* End PBXResourcesBuildPhase section */

/* Begin PBXSourcesBuildPhase section */
		F88BE3AA28A525D3002D3D81 /* Sources */ = {
			isa = PBXSourcesBuildPhase;
			buildActionMask = 2147483647;
			files = (
				F833DD2D28AC61770020AF4E /* RegisterScreen.swift in Sources */,
				F88BE3E428A53E56002D3D81 /* Model.swift in Sources */,
				F88BE3B428A525D3002D3D81 /* HomeScreenView.swift in Sources */,
				F88BE3E628AA8789002D3D81 /* ContentView.swift in Sources */,
				F88BE3DE28A537B7002D3D81 /* APIStructs.swift in Sources */,
				AAF99A2428ABB75500A59681 /* FavoritesView.swift in Sources */,
				F88BE3DC28A52823002D3D81 /* API.swift in Sources */,
				AA6F92DD28ABE5F5009011B8 /* Login.swift in Sources */,
				F88BE3B228A525D3002D3D81 /* The_Social_Network_ChallengeApp.swift in Sources */,
				F88BE3EA28AA8C3A002D3D81 /* UsersView.swift in Sources */,
			);
			runOnlyForDeploymentPostprocessing = 0;
		};
		F88BE3BA28A525D4002D3D81 /* Sources */ = {
			isa = PBXSourcesBuildPhase;
			buildActionMask = 2147483647;
			files = (
				F88BE3C328A525D4002D3D81 /* The_Social_Network_ChallengeTests.swift in Sources */,
			);
			runOnlyForDeploymentPostprocessing = 0;
		};
		F88BE3C428A525D4002D3D81 /* Sources */ = {
			isa = PBXSourcesBuildPhase;
			buildActionMask = 2147483647;
			files = (
				F88BE3CF28A525D4002D3D81 /* The_Social_Network_ChallengeUITestsLaunchTests.swift in Sources */,
				F88BE3CD28A525D4002D3D81 /* The_Social_Network_ChallengeUITests.swift in Sources */,
			);
			runOnlyForDeploymentPostprocessing = 0;
		};
/* End PBXSourcesBuildPhase section */

/* Begin PBXTargetDependency section */
		F88BE3C028A525D4002D3D81 /* PBXTargetDependency */ = {
			isa = PBXTargetDependency;
			target = F88BE3AD28A525D3002D3D81 /* The Social Network Challenge */;
			targetProxy = F88BE3BF28A525D4002D3D81 /* PBXContainerItemProxy */;
		};
		F88BE3CA28A525D4002D3D81 /* PBXTargetDependency */ = {
			isa = PBXTargetDependency;
			target = F88BE3AD28A525D3002D3D81 /* The Social Network Challenge */;
			targetProxy = F88BE3C928A525D4002D3D81 /* PBXContainerItemProxy */;
		};
/* End PBXTargetDependency section */

/* Begin XCBuildConfiguration section */
		F88BE3D028A525D4002D3D81 /* Debug */ = {
			isa = XCBuildConfiguration;
			buildSettings = {
				ALWAYS_SEARCH_USER_PATHS = NO;
				CLANG_ANALYZER_NONNULL = YES;
				CLANG_ANALYZER_NUMBER_OBJECT_CONVERSION = YES_AGGRESSIVE;
				CLANG_CXX_LANGUAGE_STANDARD = "gnu++17";
				CLANG_ENABLE_MODULES = YES;
				CLANG_ENABLE_OBJC_ARC = YES;
				CLANG_ENABLE_OBJC_WEAK = YES;
				CLANG_WARN_BLOCK_CAPTURE_AUTORELEASING = YES;
				CLANG_WARN_BOOL_CONVERSION = YES;
				CLANG_WARN_COMMA = YES;
				CLANG_WARN_CONSTANT_CONVERSION = YES;
				CLANG_WARN_DEPRECATED_OBJC_IMPLEMENTATIONS = YES;
				CLANG_WARN_DIRECT_OBJC_ISA_USAGE = YES_ERROR;
				CLANG_WARN_DOCUMENTATION_COMMENTS = YES;
				CLANG_WARN_EMPTY_BODY = YES;
				CLANG_WARN_ENUM_CONVERSION = YES;
				CLANG_WARN_INFINITE_RECURSION = YES;
				CLANG_WARN_INT_CONVERSION = YES;
				CLANG_WARN_NON_LITERAL_NULL_CONVERSION = YES;
				CLANG_WARN_OBJC_IMPLICIT_RETAIN_SELF = YES;
				CLANG_WARN_OBJC_LITERAL_CONVERSION = YES;
				CLANG_WARN_OBJC_ROOT_CLASS = YES_ERROR;
				CLANG_WARN_QUOTED_INCLUDE_IN_FRAMEWORK_HEADER = YES;
				CLANG_WARN_RANGE_LOOP_ANALYSIS = YES;
				CLANG_WARN_STRICT_PROTOTYPES = YES;
				CLANG_WARN_SUSPICIOUS_MOVE = YES;
				CLANG_WARN_UNGUARDED_AVAILABILITY = YES_AGGRESSIVE;
				CLANG_WARN_UNREACHABLE_CODE = YES;
				CLANG_WARN__DUPLICATE_METHOD_MATCH = YES;
				COPY_PHASE_STRIP = NO;
				DEBUG_INFORMATION_FORMAT = dwarf;
				ENABLE_STRICT_OBJC_MSGSEND = YES;
				ENABLE_TESTABILITY = YES;
				GCC_C_LANGUAGE_STANDARD = gnu11;
				GCC_DYNAMIC_NO_PIC = NO;
				GCC_NO_COMMON_BLOCKS = YES;
				GCC_OPTIMIZATION_LEVEL = 0;
				GCC_PREPROCESSOR_DEFINITIONS = (
					"DEBUG=1",
					"$(inherited)",
				);
				GCC_WARN_64_TO_32_BIT_CONVERSION = YES;
				GCC_WARN_ABOUT_RETURN_TYPE = YES_ERROR;
				GCC_WARN_UNDECLARED_SELECTOR = YES;
				GCC_WARN_UNINITIALIZED_AUTOS = YES_AGGRESSIVE;
				GCC_WARN_UNUSED_FUNCTION = YES;
				GCC_WARN_UNUSED_VARIABLE = YES;
				IPHONEOS_DEPLOYMENT_TARGET = 15.5;
				MTL_ENABLE_DEBUG_INFO = INCLUDE_SOURCE;
				MTL_FAST_MATH = YES;
				ONLY_ACTIVE_ARCH = YES;
				SDKROOT = iphoneos;
				SWIFT_ACTIVE_COMPILATION_CONDITIONS = DEBUG;
				SWIFT_OPTIMIZATION_LEVEL = "-Onone";
			};
			name = Debug;
		};
		F88BE3D128A525D4002D3D81 /* Release */ = {
			isa = XCBuildConfiguration;
			buildSettings = {
				ALWAYS_SEARCH_USER_PATHS = NO;
				CLANG_ANALYZER_NONNULL = YES;
				CLANG_ANALYZER_NUMBER_OBJECT_CONVERSION = YES_AGGRESSIVE;
				CLANG_CXX_LANGUAGE_STANDARD = "gnu++17";
				CLANG_ENABLE_MODULES = YES;
				CLANG_ENABLE_OBJC_ARC = YES;
				CLANG_ENABLE_OBJC_WEAK = YES;
				CLANG_WARN_BLOCK_CAPTURE_AUTORELEASING = YES;
				CLANG_WARN_BOOL_CONVERSION = YES;
				CLANG_WARN_COMMA = YES;
				CLANG_WARN_CONSTANT_CONVERSION = YES;
				CLANG_WARN_DEPRECATED_OBJC_IMPLEMENTATIONS = YES;
				CLANG_WARN_DIRECT_OBJC_ISA_USAGE = YES_ERROR;
				CLANG_WARN_DOCUMENTATION_COMMENTS = YES;
				CLANG_WARN_EMPTY_BODY = YES;
				CLANG_WARN_ENUM_CONVERSION = YES;
				CLANG_WARN_INFINITE_RECURSION = YES;
				CLANG_WARN_INT_CONVERSION = YES;
				CLANG_WARN_NON_LITERAL_NULL_CONVERSION = YES;
				CLANG_WARN_OBJC_IMPLICIT_RETAIN_SELF = YES;
				CLANG_WARN_OBJC_LITERAL_CONVERSION = YES;
				CLANG_WARN_OBJC_ROOT_CLASS = YES_ERROR;
				CLANG_WARN_QUOTED_INCLUDE_IN_FRAMEWORK_HEADER = YES;
				CLANG_WARN_RANGE_LOOP_ANALYSIS = YES;
				CLANG_WARN_STRICT_PROTOTYPES = YES;
				CLANG_WARN_SUSPICIOUS_MOVE = YES;
				CLANG_WARN_UNGUARDED_AVAILABILITY = YES_AGGRESSIVE;
				CLANG_WARN_UNREACHABLE_CODE = YES;
				CLANG_WARN__DUPLICATE_METHOD_MATCH = YES;
				COPY_PHASE_STRIP = NO;
				DEBUG_INFORMATION_FORMAT = "dwarf-with-dsym";
				ENABLE_NS_ASSERTIONS = NO;
				ENABLE_STRICT_OBJC_MSGSEND = YES;
				GCC_C_LANGUAGE_STANDARD = gnu11;
				GCC_NO_COMMON_BLOCKS = YES;
				GCC_WARN_64_TO_32_BIT_CONVERSION = YES;
				GCC_WARN_ABOUT_RETURN_TYPE = YES_ERROR;
				GCC_WARN_UNDECLARED_SELECTOR = YES;
				GCC_WARN_UNINITIALIZED_AUTOS = YES_AGGRESSIVE;
				GCC_WARN_UNUSED_FUNCTION = YES;
				GCC_WARN_UNUSED_VARIABLE = YES;
				IPHONEOS_DEPLOYMENT_TARGET = 15.5;
				MTL_ENABLE_DEBUG_INFO = NO;
				MTL_FAST_MATH = YES;
				SDKROOT = iphoneos;
				SWIFT_COMPILATION_MODE = wholemodule;
				SWIFT_OPTIMIZATION_LEVEL = "-O";
				VALIDATE_PRODUCT = YES;
			};
			name = Release;
		};
		F88BE3D328A525D4002D3D81 /* Debug */ = {
			isa = XCBuildConfiguration;
			buildSettings = {
				ASSETCATALOG_COMPILER_APPICON_NAME = AppIcon;
				ASSETCATALOG_COMPILER_GLOBAL_ACCENT_COLOR_NAME = AccentColor;
				CODE_SIGN_STYLE = Automatic;
				CURRENT_PROJECT_VERSION = 1;
				DEVELOPMENT_ASSET_PATHS = "\"The Social Network Challenge/Preview Content\"";
				DEVELOPMENT_TEAM = 88KH7Y2P56;
				ENABLE_PREVIEWS = YES;
				GENERATE_INFOPLIST_FILE = YES;
				INFOPLIST_KEY_UIApplicationSceneManifest_Generation = YES;
				INFOPLIST_KEY_UIApplicationSupportsIndirectInputEvents = YES;
				INFOPLIST_KEY_UILaunchScreen_Generation = YES;
				INFOPLIST_KEY_UISupportedInterfaceOrientations_iPad = "UIInterfaceOrientationPortrait UIInterfaceOrientationPortraitUpsideDown UIInterfaceOrientationLandscapeLeft UIInterfaceOrientationLandscapeRight";
				INFOPLIST_KEY_UISupportedInterfaceOrientations_iPhone = "UIInterfaceOrientationPortrait UIInterfaceOrientationLandscapeLeft UIInterfaceOrientationLandscapeRight";
				LD_RUNPATH_SEARCH_PATHS = (
					"$(inherited)",
					"@executable_path/Frameworks",
				);
				MARKETING_VERSION = 1.0;
				PRODUCT_BUNDLE_IDENTIFIER = "com.ada.The-Social-Network-Challenge";
				PRODUCT_NAME = "$(TARGET_NAME)";
				SWIFT_EMIT_LOC_STRINGS = YES;
				SWIFT_VERSION = 5.0;
				TARGETED_DEVICE_FAMILY = "1,2";
			};
			name = Debug;
		};
		F88BE3D428A525D4002D3D81 /* Release */ = {
			isa = XCBuildConfiguration;
			buildSettings = {
				ASSETCATALOG_COMPILER_APPICON_NAME = AppIcon;
				ASSETCATALOG_COMPILER_GLOBAL_ACCENT_COLOR_NAME = AccentColor;
				CODE_SIGN_STYLE = Automatic;
				CURRENT_PROJECT_VERSION = 1;
				DEVELOPMENT_ASSET_PATHS = "\"The Social Network Challenge/Preview Content\"";
				DEVELOPMENT_TEAM = 88KH7Y2P56;
				ENABLE_PREVIEWS = YES;
				GENERATE_INFOPLIST_FILE = YES;
				INFOPLIST_KEY_UIApplicationSceneManifest_Generation = YES;
				INFOPLIST_KEY_UIApplicationSupportsIndirectInputEvents = YES;
				INFOPLIST_KEY_UILaunchScreen_Generation = YES;
				INFOPLIST_KEY_UISupportedInterfaceOrientations_iPad = "UIInterfaceOrientationPortrait UIInterfaceOrientationPortraitUpsideDown UIInterfaceOrientationLandscapeLeft UIInterfaceOrientationLandscapeRight";
				INFOPLIST_KEY_UISupportedInterfaceOrientations_iPhone = "UIInterfaceOrientationPortrait UIInterfaceOrientationLandscapeLeft UIInterfaceOrientationLandscapeRight";
				LD_RUNPATH_SEARCH_PATHS = (
					"$(inherited)",
					"@executable_path/Frameworks",
				);
				MARKETING_VERSION = 1.0;
				PRODUCT_BUNDLE_IDENTIFIER = "com.ada.The-Social-Network-Challenge";
				PRODUCT_NAME = "$(TARGET_NAME)";
				SWIFT_EMIT_LOC_STRINGS = YES;
				SWIFT_VERSION = 5.0;
				TARGETED_DEVICE_FAMILY = "1,2";
			};
			name = Release;
		};
		F88BE3D628A525D4002D3D81 /* Debug */ = {
			isa = XCBuildConfiguration;
			buildSettings = {
				ALWAYS_EMBED_SWIFT_STANDARD_LIBRARIES = YES;
				BUNDLE_LOADER = "$(TEST_HOST)";
				CODE_SIGN_STYLE = Automatic;
				CURRENT_PROJECT_VERSION = 1;
				DEVELOPMENT_TEAM = 88KH7Y2P56;
				GENERATE_INFOPLIST_FILE = YES;
				IPHONEOS_DEPLOYMENT_TARGET = 15.5;
				MARKETING_VERSION = 1.0;
				PRODUCT_BUNDLE_IDENTIFIER = "com.ada.The-Social-Network-ChallengeTests";
				PRODUCT_NAME = "$(TARGET_NAME)";
				SWIFT_EMIT_LOC_STRINGS = NO;
				SWIFT_VERSION = 5.0;
				TARGETED_DEVICE_FAMILY = "1,2";
				TEST_HOST = "$(BUILT_PRODUCTS_DIR)/The Social Network Challenge.app/The Social Network Challenge";
			};
			name = Debug;
		};
		F88BE3D728A525D4002D3D81 /* Release */ = {
			isa = XCBuildConfiguration;
			buildSettings = {
				ALWAYS_EMBED_SWIFT_STANDARD_LIBRARIES = YES;
				BUNDLE_LOADER = "$(TEST_HOST)";
				CODE_SIGN_STYLE = Automatic;
				CURRENT_PROJECT_VERSION = 1;
				DEVELOPMENT_TEAM = 88KH7Y2P56;
				GENERATE_INFOPLIST_FILE = YES;
				IPHONEOS_DEPLOYMENT_TARGET = 15.5;
				MARKETING_VERSION = 1.0;
				PRODUCT_BUNDLE_IDENTIFIER = "com.ada.The-Social-Network-ChallengeTests";
				PRODUCT_NAME = "$(TARGET_NAME)";
				SWIFT_EMIT_LOC_STRINGS = NO;
				SWIFT_VERSION = 5.0;
				TARGETED_DEVICE_FAMILY = "1,2";
				TEST_HOST = "$(BUILT_PRODUCTS_DIR)/The Social Network Challenge.app/The Social Network Challenge";
			};
			name = Release;
		};
		F88BE3D928A525D4002D3D81 /* Debug */ = {
			isa = XCBuildConfiguration;
			buildSettings = {
				ALWAYS_EMBED_SWIFT_STANDARD_LIBRARIES = YES;
				CODE_SIGN_STYLE = Automatic;
				CURRENT_PROJECT_VERSION = 1;
				DEVELOPMENT_TEAM = 88KH7Y2P56;
				GENERATE_INFOPLIST_FILE = YES;
				MARKETING_VERSION = 1.0;
				PRODUCT_BUNDLE_IDENTIFIER = "com.ada.The-Social-Network-ChallengeUITests";
				PRODUCT_NAME = "$(TARGET_NAME)";
				SWIFT_EMIT_LOC_STRINGS = NO;
				SWIFT_VERSION = 5.0;
				TARGETED_DEVICE_FAMILY = "1,2";
				TEST_TARGET_NAME = "The Social Network Challenge";
			};
			name = Debug;
		};
		F88BE3DA28A525D4002D3D81 /* Release */ = {
			isa = XCBuildConfiguration;
			buildSettings = {
				ALWAYS_EMBED_SWIFT_STANDARD_LIBRARIES = YES;
				CODE_SIGN_STYLE = Automatic;
				CURRENT_PROJECT_VERSION = 1;
				DEVELOPMENT_TEAM = 88KH7Y2P56;
				GENERATE_INFOPLIST_FILE = YES;
				MARKETING_VERSION = 1.0;
				PRODUCT_BUNDLE_IDENTIFIER = "com.ada.The-Social-Network-ChallengeUITests";
				PRODUCT_NAME = "$(TARGET_NAME)";
				SWIFT_EMIT_LOC_STRINGS = NO;
				SWIFT_VERSION = 5.0;
				TARGETED_DEVICE_FAMILY = "1,2";
				TEST_TARGET_NAME = "The Social Network Challenge";
			};
			name = Release;
		};
/* End XCBuildConfiguration section */

/* Begin XCConfigurationList section */
		F88BE3A928A525D3002D3D81 /* Build configuration list for PBXProject "The Social Network Challenge" */ = {
			isa = XCConfigurationList;
			buildConfigurations = (
				F88BE3D028A525D4002D3D81 /* Debug */,
				F88BE3D128A525D4002D3D81 /* Release */,
			);
			defaultConfigurationIsVisible = 0;
			defaultConfigurationName = Release;
		};
		F88BE3D228A525D4002D3D81 /* Build configuration list for PBXNativeTarget "The Social Network Challenge" */ = {
			isa = XCConfigurationList;
			buildConfigurations = (
				F88BE3D328A525D4002D3D81 /* Debug */,
				F88BE3D428A525D4002D3D81 /* Release */,
			);
			defaultConfigurationIsVisible = 0;
			defaultConfigurationName = Release;
		};
		F88BE3D528A525D4002D3D81 /* Build configuration list for PBXNativeTarget "The Social Network ChallengeTests" */ = {
			isa = XCConfigurationList;
			buildConfigurations = (
				F88BE3D628A525D4002D3D81 /* Debug */,
				F88BE3D728A525D4002D3D81 /* Release */,
			);
			defaultConfigurationIsVisible = 0;
			defaultConfigurationName = Release;
		};
		F88BE3D828A525D4002D3D81 /* Build configuration list for PBXNativeTarget "The Social Network ChallengeUITests" */ = {
			isa = XCConfigurationList;
			buildConfigurations = (
				F88BE3D928A525D4002D3D81 /* Debug */,
				F88BE3DA28A525D4002D3D81 /* Release */,
			);
			defaultConfigurationIsVisible = 0;
			defaultConfigurationName = Release;
		};
/* End XCConfigurationList section */
	};
	rootObject = F88BE3A628A525D3002D3D81 /* Project object */;
}
